
Microsoft Visual Studio Solution File, Format Version 12.00
# Visual Studio Version 17
VisualStudioVersion = 17.7.34003.232
MinimumVisualStudioVersion = 10.0.40219.1
Project("{FAE04EC0-301F-11D3-BF4B-00C04F79EFBC}") = "DesignAlley.UWP", "DesignAlley\DesignAlley.UWP\DesignAlley.UWP.csproj", "{E9D1E72A-7790-4864-A94A-98A9D3D97EAF}"
EndProject
Project("{FAE04EC0-301F-11D3-BF4B-00C04F79EFBC}") = "DesignAlley.Android", "DesignAlley\DesignAlley.Android\DesignAlley.Android.csproj", "{AFDF4540-5B05-476B-B510-FF8F59AEBD41}"
EndProject
Project("{FAE04EC0-301F-11D3-BF4B-00C04F79EFBC}") = "DesignAlley.iOS", "DesignAlley\DesignAlley.iOS\DesignAlley.iOS.csproj", "{F2300A2E-402C-4F7E-81F3-38BBD1E2A525}"
EndProject
Project("{FAE04EC0-301F-11D3-BF4B-00C04F79EFBC}") = "DesignAlley", "DesignAlley\DesignAlley\DesignAlley.csproj", "{C037A865-9F0D-4786-AB10-E86A59BE5D87}"
EndProject
Global
	GlobalSection(SolutionConfigurationPlatforms) = preSolution
		Debug|Any CPU = Debug|Any CPU
		Debug|ARM = Debug|ARM
		Debug|iPhone = Debug|iPhone
		Debug|iPhoneSimulator = Debug|iPhoneSimulator
		Debug|x64 = Debug|x64
		Debug|x86 = Debug|x86
		Release|Any CPU = Release|Any CPU
		Release|ARM = Release|ARM
		Release|iPhone = Release|iPhone
		Release|iPhoneSimulator = Release|iPhoneSimulator
		Release|x64 = Release|x64
		Release|x86 = Release|x86
	EndGlobalSection
	GlobalSection(ProjectConfigurationPlatforms) = postSolution
		{E9D1E72A-7790-4864-A94A-98A9D3D97EAF}.Debug|Any CPU.ActiveCfg = Debug|x64
		{E9D1E72A-7790-4864-A94A-98A9D3D97EAF}.Debug|ARM.ActiveCfg = Debug|ARM
		{E9D1E72A-7790-4864-A94A-98A9D3D97EAF}.Debug|ARM.Build.0 = Debug|ARM
		{E9D1E72A-7790-4864-A94A-98A9D3D97EAF}.Debug|ARM.Deploy.0 = Debug|ARM
		{E9D1E72A-7790-4864-A94A-98A9D3D97EAF}.Debug|iPhone.ActiveCfg = Debug|x64
		{E9D1E72A-7790-4864-A94A-98A9D3D97EAF}.Debug|iPhoneSimulator.ActiveCfg = Debug|x64
		{E9D1E72A-7790-4864-A94A-98A9D3D97EAF}.Debug|x64.ActiveCfg = Debug|x64
		{E9D1E72A-7790-4864-A94A-98A9D3D97EAF}.Debug|x64.Build.0 = Debug|x64
		{E9D1E72A-7790-4864-A94A-98A9D3D97EAF}.Debug|x64.Deploy.0 = Debug|x64
		{E9D1E72A-7790-4864-A94A-98A9D3D97EAF}.Debug|x86.ActiveCfg = Debug|x86
		{E9D1E72A-7790-4864-A94A-98A9D3D97EAF}.Debug|x86.Build.0 = Debug|x86
		{E9D1E72A-7790-4864-A94A-98A9D3D97EAF}.Debug|x86.Deploy.0 = Debug|x86
		{E9D1E72A-7790-4864-A94A-98A9D3D97EAF}.Release|Any CPU.ActiveCfg = Release|x64
		{E9D1E72A-7790-4864-A94A-98A9D3D97EAF}.Release|ARM.ActiveCfg = Release|ARM
		{E9D1E72A-7790-4864-A94A-98A9D3D97EAF}.Release|ARM.Build.0 = Release|ARM
		{E9D1E72A-7790-4864-A94A-98A9D3D97EAF}.Release|ARM.Deploy.0 = Release|ARM
		{E9D1E72A-7790-4864-A94A-98A9D3D97EAF}.Release|iPhone.ActiveCfg = Release|x64
		{E9D1E72A-7790-4864-A94A-98A9D3D97EAF}.Release|iPhoneSimulator.ActiveCfg = Release|x64
		{E9D1E72A-7790-4864-A94A-98A9D3D97EAF}.Release|x64.ActiveCfg = Release|x64
		{E9D1E72A-7790-4864-A94A-98A9D3D97EAF}.Release|x64.Build.0 = Release|x64
		{E9D1E72A-7790-4864-A94A-98A9D3D97EAF}.Release|x64.Deploy.0 = Release|x64
		{E9D1E72A-7790-4864-A94A-98A9D3D97EAF}.Release|x86.ActiveCfg = Release|x86
		{E9D1E72A-7790-4864-A94A-98A9D3D97EAF}.Release|x86.Build.0 = Release|x86
		{E9D1E72A-7790-4864-A94A-98A9D3D97EAF}.Release|x86.Deploy.0 = Release|x86
		{AFDF4540-5B05-476B-B510-FF8F59AEBD41}.Debug|Any CPU.ActiveCfg = Debug|Any CPU
		{AFDF4540-5B05-476B-B510-FF8F59AEBD41}.Debug|Any CPU.Build.0 = Debug|Any CPU
		{AFDF4540-5B05-476B-B510-FF8F59AEBD41}.Debug|Any CPU.Deploy.0 = Debug|Any CPU
		{AFDF4540-5B05-476B-B510-FF8F59AEBD41}.Debug|ARM.ActiveCfg = Debug|Any CPU
		{AFDF4540-5B05-476B-B510-FF8F59AEBD41}.Debug|ARM.Build.0 = Debug|Any CPU
		{AFDF4540-5B05-476B-B510-FF8F59AEBD41}.Debug|ARM.Deploy.0 = Debug|Any CPU
		{AFDF4540-5B05-476B-B510-FF8F59AEBD41}.Debug|iPhone.ActiveCfg = Debug|Any CPU
		{AFDF4540-5B05-476B-B510-FF8F59AEBD41}.Debug|iPhone.Build.0 = Debug|Any CPU
		{AFDF4540-5B05-476B-B510-FF8F59AEBD41}.Debug|iPhone.Deploy.0 = Debug|Any CPU
		{AFDF4540-5B05-476B-B510-FF8F59AEBD41}.Debug|iPhoneSimulator.ActiveCfg = Debug|Any CPU
		{AFDF4540-5B05-476B-B510-FF8F59AEBD41}.Debug|iPhoneSimulator.Build.0 = Debug|Any CPU
		{AFDF4540-5B05-476B-B510-FF8F59AEBD41}.Debug|iPhoneSimulator.Deploy.0 = Debug|Any CPU
		{AFDF4540-5B05-476B-B510-FF8F59AEBD41}.Debug|x64.ActiveCfg = Debug|Any CPU
		{AFDF4540-5B05-476B-B510-FF8F59AEBD41}.Debug|x64.Build.0 = Debug|Any CPU
		{AFDF4540-5B05-476B-B510-FF8F59AEBD41}.Debug|x64.Deploy.0 = Debug|Any CPU
		{AFDF4540-5B05-476B-B510-FF8F59AEBD41}.Debug|x86.ActiveCfg = Debug|Any CPU
		{AFDF4540-5B05-476B-B510-FF8F59AEBD41}.Debug|x86.Build.0 = Debug|Any CPU
		{AFDF4540-5B05-476B-B510-FF8F59AEBD41}.Debug|x86.Deploy.0 = Debug|Any CPU
		{AFDF4540-5B05-476B-B510-FF8F59AEBD41}.Release|Any CPU.ActiveCfg = Release|Any CPU
		{AFDF4540-5B05-476B-B510-FF8F59AEBD41}.Release|Any CPU.Build.0 = Release|Any CPU
		{AFDF4540-5B05-476B-B510-FF8F59AEBD41}.Release|Any CPU.Deploy.0 = Release|Any CPU
		{AFDF4540-5B05-476B-B510-FF8F59AEBD41}.Release|ARM.ActiveCfg = Release|Any CPU
		{AFDF4540-5B05-476B-B510-FF8F59AEBD41}.Release|ARM.Build.0 = Release|Any CPU
		{AFDF4540-5B05-476B-B510-FF8F59AEBD41}.Release|ARM.Deploy.0 = Release|Any CPU
		{AFDF4540-5B05-476B-B510-FF8F59AEBD41}.Release|iPhone.ActiveCfg = Release|Any CPU
		{AFDF4540-5B05-476B-B510-FF8F59AEBD41}.Release|iPhone.Build.0 = Release|Any CPU
		{AFDF4540-5B05-476B-B510-FF8F59AEBD41}.Release|iPhone.Deploy.0 = Release|Any CPU
		{AFDF4540-5B05-476B-B510-FF8F59AEBD41}.Release|iPhoneSimulator.ActiveCfg = Release|Any CPU
		{AFDF4540-5B05-476B-B510-FF8F59AEBD41}.Release|iPhoneSimulator.Build.0 = Release|Any CPU
		{AFDF4540-5B05-476B-B510-FF8F59AEBD41}.Release|iPhoneSimulator.Deploy.0 = Release|Any CPU
		{AFDF4540-5B05-476B-B510-FF8F59AEBD41}.Release|x64.ActiveCfg = Release|Any CPU
		{AFDF4540-5B05-476B-B510-FF8F59AEBD41}.Release|x64.Build.0 = Release|Any CPU
		{AFDF4540-5B05-476B-B510-FF8F59AEBD41}.Release|x64.Deploy.0 = Release|Any CPU
		{AFDF4540-5B05-476B-B510-FF8F59AEBD41}.Release|x86.ActiveCfg = Release|Any CPU
		{AFDF4540-5B05-476B-B510-FF8F59AEBD41}.Release|x86.Build.0 = Release|Any CPU
		{AFDF4540-5B05-476B-B510-FF8F59AEBD41}.Release|x86.Deploy.0 = Release|Any CPU
		{F2300A2E-402C-4F7E-81F3-38BBD1E2A525}.Debug|Any CPU.ActiveCfg = Debug|iPhoneSimulator
		{F2300A2E-402C-4F7E-81F3-38BBD1E2A525}.Debug|Any CPU.Build.0 = Debug|iPhoneSimulator
		{F2300A2E-402C-4F7E-81F3-38BBD1E2A525}.Debug|Any CPU.Deploy.0 = Debug|iPhoneSimulator
		{F2300A2E-402C-4F7E-81F3-38BBD1E2A525}.Debug|ARM.ActiveCfg = Debug|iPhoneSimulator
		{F2300A2E-402C-4F7E-81F3-38BBD1E2A525}.Debug|ARM.Build.0 = Debug|iPhoneSimulator
		{F2300A2E-402C-4F7E-81F3-38BBD1E2A525}.Debug|ARM.Deploy.0 = Debug|iPhoneSimulator
		{F2300A2E-402C-4F7E-81F3-38BBD1E2A525}.Debug|iPhone.ActiveCfg = Debug|iPhone
		{F2300A2E-402C-4F7E-81F3-38BBD1E2A525}.Debug|iPhone.Build.0 = Debug|iPhone
		{F2300A2E-402C-4F7E-81F3-38BBD1E2A525}.Debug|iPhone.Deploy.0 = Debug|iPhone
		{F2300A2E-402C-4F7E-81F3-38BBD1E2A525}.Debug|iPhoneSimulator.ActiveCfg = Debug|iPhoneSimulator
		{F2300A2E-402C-4F7E-81F3-38BBD1E2A525}.Debug|iPhoneSimulator.Build.0 = Debug|iPhoneSimulator
		{F2300A2E-402C-4F7E-81F3-38BBD1E2A525}.Debug|iPhoneSimulator.Deploy.0 = Debug|iPhoneSimulator
		{F2300A2E-402C-4F7E-81F3-38BBD1E2A525}.Debug|x64.ActiveCfg = Debug|iPhone
		{F2300A2E-402C-4F7E-81F3-38BBD1E2A525}.Debug|x64.Build.0 = Debug|iPhone
		{F2300A2E-402C-4F7E-81F3-38BBD1E2A525}.Debug|x64.Deploy.0 = Debug|iPhone
		{F2300A2E-402C-4F7E-81F3-38BBD1E2A525}.Debug|x86.ActiveCfg = Debug|iPhoneSimulator
		{F2300A2E-402C-4F7E-81F3-38BBD1E2A525}.Debug|x86.Build.0 = Debug|iPhoneSimulator
		{F2300A2E-402C-4F7E-81F3-38BBD1E2A525}.Debug|x86.Deploy.0 = Debug|iPhoneSimulator
		{F2300A2E-402C-4F7E-81F3-38BBD1E2A525}.Release|Any CPU.ActiveCfg = Release|iPhoneSimulator
		{F2300A2E-402C-4F7E-81F3-38BBD1E2A525}.Release|Any CPU.Build.0 = Release|iPhoneSimulator
		{F2300A2E-402C-4F7E-81F3-38BBD1E2A525}.Release|Any CPU.Deploy.0 = Release|iPhoneSimulator
		{F2300A2E-402C-4F7E-81F3-38BBD1E2A525}.Release|ARM.ActiveCfg = Release|iPhoneSimulator
		{F2300A2E-402C-4F7E-81F3-38BBD1E2A525}.Release|ARM.Build.0 = Release|iPhoneSimulator
		{F2300A2E-402C-4F7E-81F3-38BBD1E2A525}.Release|ARM.Deploy.0 = Release|iPhoneSimulator
		{F2300A2E-402C-4F7E-81F3-38BBD1E2A525}.Release|iPhone.ActiveCfg = Release|iPhone
		{F2300A2E-402C-4F7E-81F3-38BBD1E2A525}.Release|iPhone.Build.0 = Release|iPhone
		{F2300A2E-402C-4F7E-81F3-38BBD1E2A525}.Release|iPhone.Deploy.0 = Release|iPhone
		{F2300A2E-402C-4F7E-81F3-38BBD1E2A525}.Release|iPhoneSimulator.ActiveCfg = Release|iPhoneSimulator
		{F2300A2E-402C-4F7E-81F3-38BBD1E2A525}.Release|iPhoneSimulator.Build.0 = Release|iPhoneSimulator
		{F2300A2E-402C-4F7E-81F3-38BBD1E2A525}.Release|iPhoneSimulator.Deploy.0 = Release|iPhoneSimulator
		{F2300A2E-402C-4F7E-81F3-38BBD1E2A525}.Release|x64.ActiveCfg = Release|iPhoneSimulator
		{F2300A2E-402C-4F7E-81F3-38BBD1E2A525}.Release|x64.Build.0 = Release|iPhoneSimulator
		{F2300A2E-402C-4F7E-81F3-38BBD1E2A525}.Release|x64.Deploy.0 = Release|iPhoneSimulator
		{F2300A2E-402C-4F7E-81F3-38BBD1E2A525}.Release|x86.ActiveCfg = Release|iPhoneSimulator
		{F2300A2E-402C-4F7E-81F3-38BBD1E2A525}.Release|x86.Build.0 = Release|iPhoneSimulator
		{F2300A2E-402C-4F7E-81F3-38BBD1E2A525}.Release|x86.Deploy.0 = Release|iPhoneSimulator
		{C037A865-9F0D-4786-AB10-E86A59BE5D87}.Debug|Any CPU.ActiveCfg = Debug|Any CPU
		{C037A865-9F0D-4786-AB10-E86A59BE5D87}.Debug|Any CPU.Build.0 = Debug|Any CPU
		{C037A865-9F0D-4786-AB10-E86A59BE5D87}.Debug|Any CPU.Deploy.0 = Debug|Any CPU
		{C037A865-9F0D-4786-AB10-E86A59BE5D87}.Debug|ARM.ActiveCfg = Debug|Any CPU
		{C037A865-9F0D-4786-AB10-E86A59BE5D87}.Debug|ARM.Build.0 = Debug|Any CPU
		{C037A865-9F0D-4786-AB10-E86A59BE5D87}.Debug|ARM.Deploy.0 = Debug|Any CPU
		{C037A865-9F0D-4786-AB10-E86A59BE5D87}.Debug|iPhone.ActiveCfg = Debug|Any CPU
		{C037A865-9F0D-4786-AB10-E86A59BE5D87}.Debug|iPhone.Build.0 = Debug|Any CPU
		{C037A865-9F0D-4786-AB10-E86A59BE5D87}.Debug|iPhone.Deploy.0 = Debug|Any CPU
		{C037A865-9F0D-4786-AB10-E86A59BE5D87}.Debug|iPhoneSimulator.ActiveCfg = Debug|Any CPU
		{C037A865-9F0D-4786-AB10-E86A59BE5D87}.Debug|iPhoneSimulator.Build.0 = Debug|Any CPU
		{C037A865-9F0D-4786-AB10-E86A59BE5D87}.Debug|iPhoneSimulator.Deploy.0 = Debug|Any CPU
		{C037A865-9F0D-4786-AB10-E86A59BE5D87}.Debug|x64.ActiveCfg = Debug|Any CPU
		{C037A865-9F0D-4786-AB10-E86A59BE5D87}.Debug|x64.Build.0 = Debug|Any CPU
		{C037A865-9F0D-4786-AB10-E86A59BE5D87}.Debug|x64.Deploy.0 = Debug|Any CPU
		{C037A865-9F0D-4786-AB10-E86A59BE5D87}.Debug|x86.ActiveCfg = Debug|Any CPU
		{C037A865-9F0D-4786-AB10-E86A59BE5D87}.Debug|x86.Build.0 = Debug|Any CPU
		{C037A865-9F0D-4786-AB10-E86A59BE5D87}.Debug|x86.Deploy.0 = Debug|Any CPU
		{C037A865-9F0D-4786-AB10-E86A59BE5D87}.Release|Any CPU.ActiveCfg = Release|Any CPU
		{C037A865-9F0D-4786-AB10-E86A59BE5D87}.Release|Any CPU.Build.0 = Release|Any CPU
		{C037A865-9F0D-4786-AB10-E86A59BE5D87}.Release|Any CPU.Deploy.0 = Release|Any CPU
		{C037A865-9F0D-4786-AB10-E86A59BE5D87}.Release|ARM.ActiveCfg = Release|Any CPU
		{C037A865-9F0D-4786-AB10-E86A59BE5D87}.Release|ARM.Build.0 = Release|Any CPU
		{C037A865-9F0D-4786-AB10-E86A59BE5D87}.Release|ARM.Deploy.0 = Release|Any CPU
		{C037A865-9F0D-4786-AB10-E86A59BE5D87}.Release|iPhone.ActiveCfg = Release|Any CPU
		{C037A865-9F0D-4786-AB10-E86A59BE5D87}.Release|iPhone.Build.0 = Release|Any CPU
		{C037A865-9F0D-4786-AB10-E86A59BE5D87}.Release|iPhone.Deploy.0 = Release|Any CPU
		{C037A865-9F0D-4786-AB10-E86A59BE5D87}.Release|iPhoneSimulator.ActiveCfg = Release|Any CPU
		{C037A865-9F0D-4786-AB10-E86A59BE5D87}.Release|iPhoneSimulator.Build.0 = Release|Any CPU
		{C037A865-9F0D-4786-AB10-E86A59BE5D87}.Release|iPhoneSimulator.Deploy.0 = Release|Any CPU
		{C037A865-9F0D-4786-AB10-E86A59BE5D87}.Release|x64.ActiveCfg = Release|Any CPU
		{C037A865-9F0D-4786-AB10-E86A59BE5D87}.Release|x64.Build.0 = Release|Any CPU
		{C037A865-9F0D-4786-AB10-E86A59BE5D87}.Release|x64.Deploy.0 = Release|Any CPU
		{C037A865-9F0D-4786-AB10-E86A59BE5D87}.Release|x86.ActiveCfg = Release|Any CPU
		{C037A865-9F0D-4786-AB10-E86A59BE5D87}.Release|x86.Build.0 = Release|Any CPU
		{C037A865-9F0D-4786-AB10-E86A59BE5D87}.Release|x86.Deploy.0 = Release|Any CPU
	EndGlobalSection
	GlobalSection(SolutionProperties) = preSolution
		HideSolutionNode = FALSE
	EndGlobalSection
	GlobalSection(ExtensibilityGlobals) = postSolution
		SolutionGuid = {A72162A6-3E39-4435-B7B8-9BE99BC66961}
	EndGlobalSection
EndGlobal
